
Microsoft Visual Studio Solution File, Format Version 12.00
# Visual Studio 14
VisualStudioVersion = 14.0.25420.1
MinimumVisualStudioVersion = 10.0.40219.1
Project("{FAE04EC0-301F-11D3-BF4B-00C04F79EFBC}") = "MyCardSystemMail", "MyCardSystemMail\MyCardSystemMail.csproj", "{BDB0AE0D-F93C-4558-8CF2-F0DCD27362B9}"
EndProject
Project("{FAE04EC0-301F-11D3-BF4B-00C04F79EFBC}") = "TestEmail", "TestEmail\TestEmail.csproj", "{9EF26F2D-EE01-40E0-B8A1-47C544E5EF55}"
	ProjectSection(ProjectDependencies) = postProject
		{BDB0AE0D-F93C-4558-8CF2-F0DCD27362B9} = {BDB0AE0D-F93C-4558-8CF2-F0DCD27362B9}
	EndProjectSection
EndProject
Global
	GlobalSection(SolutionConfigurationPlatforms) = preSolution
		Debug|Any CPU = Debug|Any CPU
		Release|Any CPU = Release|Any CPU
	EndGlobalSection
	GlobalSection(ProjectConfigurationPlatforms) = postSolution
		{BDB0AE0D-F93C-4558-8CF2-F0DCD27362B9}.Debug|Any CPU.ActiveCfg = Debug|Any CPU
		{BDB0AE0D-F93C-4558-8CF2-F0DCD27362B9}.Debug|Any CPU.Build.0 = Debug|Any CPU
		{BDB0AE0D-F93C-4558-8CF2-F0DCD27362B9}.Release|Any CPU.ActiveCfg = Release|Any CPU
		{BDB0AE0D-F93C-4558-8CF2-F0DCD27362B9}.Release|Any CPU.Build.0 = Release|Any CPU
		{9EF26F2D-EE01-40E0-B8A1-47C544E5EF55}.Debug|Any CPU.ActiveCfg = Debug|Any CPU
		{9EF26F2D-EE01-40E0-B8A1-47C544E5EF55}.Debug|Any CPU.Build.0 = Debug|Any CPU
		{9EF26F2D-EE01-40E0-B8A1-47C544E5EF55}.Release|Any CPU.ActiveCfg = Release|Any CPU
		{9EF26F2D-EE01-40E0-B8A1-47C544E5EF55}.Release|Any CPU.Build.0 = Release|Any CPU
	EndGlobalSection
	GlobalSection(SolutionProperties) = preSolution
		HideSolutionNode = FALSE
	EndGlobalSection
	GlobalSection(TeamFoundationVersionControl) = preSolution
		SccNumberOfProjects = 3
		SccEnterpriseProvider = {4CA58AB2-18FA-4F8D-95D4-32DDF27D184C}
		SccTeamFoundationServer = http://foundation2015:8080/tfs/defaultcollection
		SccLocalPath0 = .
		SccProjectUniqueName1 = MyCardSystemMail\\MyCardSystemMail.csproj
		SccProjectName1 = MyCardSystemMail
		SccLocalPath1 = MyCardSystemMail
		SccProjectUniqueName2 = TestEmail\\TestEmail.csproj
		SccProjectName2 = TestEmail
		SccLocalPath2 = TestEmail
	EndGlobalSection
EndGlobal
